
Microsoft Visual Studio Solution File, Format Version 12.00
# Visual Studio Version 17
VisualStudioVersion = 17.8.34316.72
MinimumVisualStudioVersion = 10.0.40219.1
Project("{2150E333-8FDC-42A3-9474-1A3956D46DE8}") = "Marry", "Marry", "{79C53AD7-F6C1-43B6-BC83-84A0A091B8E0}"
EndProject
Project("{9A19103F-16F7-4668-BE54-9A1E7A4F7556}") = "Marry.Api", "Marry.Api\Marry.Api.csproj", "{27AC702D-342D-424A-A4EE-821CF395C66B}"
EndProject
Project("{9A19103F-16F7-4668-BE54-9A1E7A4F7556}") = "Marry.Domain", "Marry.Domain\Marry.Domain.csproj", "{4D86E52B-87AA-4063-B7FB-6B8331691C98}"
EndProject
Project("{9A19103F-16F7-4668-BE54-9A1E7A4F7556}") = "Marry.Application", "Marry.Application\Marry.Application.csproj", "{723E352D-8AD3-4C7A-8E74-209EFAB06022}"
EndProject
Project("{9A19103F-16F7-4668-BE54-9A1E7A4F7556}") = "Marry.Infrastructure", "Marry.Infrastructure\Marry.Infrastructure.csproj", "{D55FBA77-3529-426F-924F-32E9FC055EBC}"
EndProject
Project("{E53339B2-1760-4266-BCC7-CA923CBCF16C}") = "docker-compose", "docker-compose.dcproj", "{427F0105-20DC-4D29-A422-BB58E6F610FD}"
EndProject
Project("{2150E333-8FDC-42A3-9474-1A3956D46DE8}") = "School", "School", "{EE06BBD5-2F39-4834-93C1-96EAA791E15B}"
EndProject
Project("{2150E333-8FDC-42A3-9474-1A3956D46DE8}") = "src", "src", "{84BD1826-B907-4C88-BA5B-828111C770F2}"
EndProject
Project("{9A19103F-16F7-4668-BE54-9A1E7A4F7556}") = "School.Application", "School.Application\School.Application.csproj", "{17F6E627-1E9D-4904-844F-04326676F1F6}"
EndProject
Project("{9A19103F-16F7-4668-BE54-9A1E7A4F7556}") = "School.Infrastructure", "School.Infrastructure\School.Infrastructure.csproj", "{23DEA2A5-9A5A-4ADE-AF82-7EC0C4E0BC86}"
EndProject
Project("{9A19103F-16F7-4668-BE54-9A1E7A4F7556}") = "School.Domain", "School.Domain\School.Domain.csproj", "{86A5918A-4071-4620-A8D5-63424777BA9A}"
EndProject
Project("{9A19103F-16F7-4668-BE54-9A1E7A4F7556}") = "School.Api", "School.Api\School.Api.csproj", "{AF1604E4-7C3D-47F0-9FDA-F8A401DBEF98}"
EndProject
Project("{2150E333-8FDC-42A3-9474-1A3956D46DE8}") = "PublicTransport", "PublicTransport", "{CB13646E-9AAB-4720-8E3E-D737CB1DC7D4}"
EndProject
Project("{2150E333-8FDC-42A3-9474-1A3956D46DE8}") = "EShop", "EShop", "{52B98DC4-437B-4940-ADBF-AE6784395378}"
EndProject
Project("{9A19103F-16F7-4668-BE54-9A1E7A4F7556}") = "OcelotGateAway", "OcelotGateAway\OcelotGateAway.csproj", "{7CE7F5A8-716E-4D8C-A588-D3105B3B16F3}"
EndProject
Project("{FAE04EC0-301F-11D3-BF4B-00C04F79EFBC}") = "PublicTransport.Api", "PublicTransport.Api\PublicTransport.Api.csproj", "{7DE2BA73-D9F3-47DA-8CEE-FA570212B6A7}"
EndProject
Global
	GlobalSection(SolutionConfigurationPlatforms) = preSolution
		Debug|Any CPU = Debug|Any CPU
		Release|Any CPU = Release|Any CPU
	EndGlobalSection
	GlobalSection(ProjectConfigurationPlatforms) = postSolution
		{27AC702D-342D-424A-A4EE-821CF395C66B}.Debug|Any CPU.ActiveCfg = Debug|Any CPU
		{27AC702D-342D-424A-A4EE-821CF395C66B}.Debug|Any CPU.Build.0 = Debug|Any CPU
		{27AC702D-342D-424A-A4EE-821CF395C66B}.Release|Any CPU.ActiveCfg = Release|Any CPU
		{27AC702D-342D-424A-A4EE-821CF395C66B}.Release|Any CPU.Build.0 = Release|Any CPU
		{4D86E52B-87AA-4063-B7FB-6B8331691C98}.Debug|Any CPU.ActiveCfg = Debug|Any CPU
		{4D86E52B-87AA-4063-B7FB-6B8331691C98}.Debug|Any CPU.Build.0 = Debug|Any CPU
		{4D86E52B-87AA-4063-B7FB-6B8331691C98}.Release|Any CPU.ActiveCfg = Release|Any CPU
		{4D86E52B-87AA-4063-B7FB-6B8331691C98}.Release|Any CPU.Build.0 = Release|Any CPU
		{723E352D-8AD3-4C7A-8E74-209EFAB06022}.Debug|Any CPU.ActiveCfg = Debug|Any CPU
		{723E352D-8AD3-4C7A-8E74-209EFAB06022}.Debug|Any CPU.Build.0 = Debug|Any CPU
		{723E352D-8AD3-4C7A-8E74-209EFAB06022}.Release|Any CPU.ActiveCfg = Release|Any CPU
		{723E352D-8AD3-4C7A-8E74-209EFAB06022}.Release|Any CPU.Build.0 = Release|Any CPU
		{D55FBA77-3529-426F-924F-32E9FC055EBC}.Debug|Any CPU.ActiveCfg = Debug|Any CPU
		{D55FBA77-3529-426F-924F-32E9FC055EBC}.Debug|Any CPU.Build.0 = Debug|Any CPU
		{D55FBA77-3529-426F-924F-32E9FC055EBC}.Release|Any CPU.ActiveCfg = Release|Any CPU
		{D55FBA77-3529-426F-924F-32E9FC055EBC}.Release|Any CPU.Build.0 = Release|Any CPU
		{427F0105-20DC-4D29-A422-BB58E6F610FD}.Debug|Any CPU.ActiveCfg = Debug|Any CPU
		{427F0105-20DC-4D29-A422-BB58E6F610FD}.Debug|Any CPU.Build.0 = Debug|Any CPU
		{427F0105-20DC-4D29-A422-BB58E6F610FD}.Release|Any CPU.ActiveCfg = Release|Any CPU
		{427F0105-20DC-4D29-A422-BB58E6F610FD}.Release|Any CPU.Build.0 = Release|Any CPU
		{17F6E627-1E9D-4904-844F-04326676F1F6}.Debug|Any CPU.ActiveCfg = Debug|Any CPU
		{17F6E627-1E9D-4904-844F-04326676F1F6}.Debug|Any CPU.Build.0 = Debug|Any CPU
		{17F6E627-1E9D-4904-844F-04326676F1F6}.Release|Any CPU.ActiveCfg = Release|Any CPU
		{17F6E627-1E9D-4904-844F-04326676F1F6}.Release|Any CPU.Build.0 = Release|Any CPU
		{23DEA2A5-9A5A-4ADE-AF82-7EC0C4E0BC86}.Debug|Any CPU.ActiveCfg = Debug|Any CPU
		{23DEA2A5-9A5A-4ADE-AF82-7EC0C4E0BC86}.Debug|Any CPU.Build.0 = Debug|Any CPU
		{23DEA2A5-9A5A-4ADE-AF82-7EC0C4E0BC86}.Release|Any CPU.ActiveCfg = Release|Any CPU
		{23DEA2A5-9A5A-4ADE-AF82-7EC0C4E0BC86}.Release|Any CPU.Build.0 = Release|Any CPU
		{86A5918A-4071-4620-A8D5-63424777BA9A}.Debug|Any CPU.ActiveCfg = Debug|Any CPU
		{86A5918A-4071-4620-A8D5-63424777BA9A}.Debug|Any CPU.Build.0 = Debug|Any CPU
		{86A5918A-4071-4620-A8D5-63424777BA9A}.Release|Any CPU.ActiveCfg = Release|Any CPU
		{86A5918A-4071-4620-A8D5-63424777BA9A}.Release|Any CPU.Build.0 = Release|Any CPU
		{AF1604E4-7C3D-47F0-9FDA-F8A401DBEF98}.Debug|Any CPU.ActiveCfg = Debug|Any CPU
		{AF1604E4-7C3D-47F0-9FDA-F8A401DBEF98}.Debug|Any CPU.Build.0 = Debug|Any CPU
		{AF1604E4-7C3D-47F0-9FDA-F8A401DBEF98}.Release|Any CPU.ActiveCfg = Release|Any CPU
		{AF1604E4-7C3D-47F0-9FDA-F8A401DBEF98}.Release|Any CPU.Build.0 = Release|Any CPU
		{7CE7F5A8-716E-4D8C-A588-D3105B3B16F3}.Debug|Any CPU.ActiveCfg = Debug|Any CPU
		{7CE7F5A8-716E-4D8C-A588-D3105B3B16F3}.Debug|Any CPU.Build.0 = Debug|Any CPU
		{7CE7F5A8-716E-4D8C-A588-D3105B3B16F3}.Release|Any CPU.ActiveCfg = Release|Any CPU
		{7CE7F5A8-716E-4D8C-A588-D3105B3B16F3}.Release|Any CPU.Build.0 = Release|Any CPU
		{7DE2BA73-D9F3-47DA-8CEE-FA570212B6A7}.Debug|Any CPU.ActiveCfg = Debug|Any CPU
		{7DE2BA73-D9F3-47DA-8CEE-FA570212B6A7}.Debug|Any CPU.Build.0 = Debug|Any CPU
		{7DE2BA73-D9F3-47DA-8CEE-FA570212B6A7}.Release|Any CPU.ActiveCfg = Release|Any CPU
		{7DE2BA73-D9F3-47DA-8CEE-FA570212B6A7}.Release|Any CPU.Build.0 = Release|Any CPU
	EndGlobalSection
	GlobalSection(SolutionProperties) = preSolution
		HideSolutionNode = FALSE
	EndGlobalSection
	GlobalSection(NestedProjects) = preSolution
		{79C53AD7-F6C1-43B6-BC83-84A0A091B8E0} = {84BD1826-B907-4C88-BA5B-828111C770F2}
		{27AC702D-342D-424A-A4EE-821CF395C66B} = {79C53AD7-F6C1-43B6-BC83-84A0A091B8E0}
		{4D86E52B-87AA-4063-B7FB-6B8331691C98} = {79C53AD7-F6C1-43B6-BC83-84A0A091B8E0}
		{723E352D-8AD3-4C7A-8E74-209EFAB06022} = {79C53AD7-F6C1-43B6-BC83-84A0A091B8E0}
		{D55FBA77-3529-426F-924F-32E9FC055EBC} = {79C53AD7-F6C1-43B6-BC83-84A0A091B8E0}
		{EE06BBD5-2F39-4834-93C1-96EAA791E15B} = {84BD1826-B907-4C88-BA5B-828111C770F2}
		{17F6E627-1E9D-4904-844F-04326676F1F6} = {EE06BBD5-2F39-4834-93C1-96EAA791E15B}
		{23DEA2A5-9A5A-4ADE-AF82-7EC0C4E0BC86} = {EE06BBD5-2F39-4834-93C1-96EAA791E15B}
		{86A5918A-4071-4620-A8D5-63424777BA9A} = {EE06BBD5-2F39-4834-93C1-96EAA791E15B}
		{AF1604E4-7C3D-47F0-9FDA-F8A401DBEF98} = {EE06BBD5-2F39-4834-93C1-96EAA791E15B}
		{CB13646E-9AAB-4720-8E3E-D737CB1DC7D4} = {84BD1826-B907-4C88-BA5B-828111C770F2}
		{52B98DC4-437B-4940-ADBF-AE6784395378} = {84BD1826-B907-4C88-BA5B-828111C770F2}
		{7CE7F5A8-716E-4D8C-A588-D3105B3B16F3} = {84BD1826-B907-4C88-BA5B-828111C770F2}
		{7DE2BA73-D9F3-47DA-8CEE-FA570212B6A7} = {CB13646E-9AAB-4720-8E3E-D737CB1DC7D4}
	EndGlobalSection
	GlobalSection(ExtensibilityGlobals) = postSolution
		SolutionGuid = {088E9C9F-86F9-4B12-8AD6-12B305BA8345}
	EndGlobalSection
EndGlobal
